
Microsoft Visual Studio Solution File, Format Version 11.00
# Visual Studio 2010
Project("{E24C65DC-7377-472B-9ABA-BC803B73C61A}") = "online book-asp.net", "online book-asp.net\", "{CB1B0832-976F-4784-88BF-53F3836EEE10}"
	ProjectSection(WebsiteProperties) = preProject
		TargetFrameworkMoniker = ".NETFramework,Version%3Dv4.0"
		Debug.AspNetCompiler.VirtualPath = "/online book-asp.net"
		Debug.AspNetCompiler.PhysicalPath = "online book-asp.net\"
		Debug.AspNetCompiler.TargetPath = "PrecompiledWeb\online book-asp.net\"
		Debug.AspNetCompiler.Updateable = "true"
		Debug.AspNetCompiler.ForceOverwrite = "true"
		Debug.AspNetCompiler.FixedNames = "false"
		Debug.AspNetCompiler.Debug = "True"
		Release.AspNetCompiler.VirtualPath = "/online book-asp.net"
		Release.AspNetCompiler.PhysicalPath = "online book-asp.net\"
		Release.AspNetCompiler.TargetPath = "PrecompiledWeb\online book-asp.net\"
		Release.AspNetCompiler.Updateable = "true"
		Release.AspNetCompiler.ForceOverwrite = "true"
		Release.AspNetCompiler.FixedNames = "false"
		Release.AspNetCompiler.Debug = "False"
		VWDPort = "3167"
	EndProjectSection
EndProject
Global
	GlobalSection(SolutionConfigurationPlatforms) = preSolution
		Debug|Any CPU = Debug|Any CPU
	EndGlobalSection
	GlobalSection(ProjectConfigurationPlatforms) = postSolution
		{CB1B0832-976F-4784-88BF-53F3836EEE10}.Debug|Any CPU.ActiveCfg = Debug|Any CPU
		{CB1B0832-976F-4784-88BF-53F3836EEE10}.Debug|Any CPU.Build.0 = Debug|Any CPU
	EndGlobalSection
	GlobalSection(SolutionProperties) = preSolution
		HideSolutionNode = FALSE
	EndGlobalSection
EndGlobal
